
Microsoft Visual Studio Solution File, Format Version 12.00
# Visual Studio Version 16
VisualStudioVersion = 16.0.30611.23
MinimumVisualStudioVersion = 10.0.40219.1
Project("{2150E333-8FDC-42A3-9474-1A3956D46DE8}") = "AI", "AI", "{5EE0DE5D-BD43-4467-AF7C-BF1CCD1EC836}"
EndProject
Project("{8BC9CEB8-8B4A-11D0-8D11-00A0C91BC942}") = "Task3-1", "TAKE03\TAKE03.vcxproj", "{DA400FEC-6BEA-4FF7-97D7-728121B1D6F4}"
EndProject
Project("{8BC9CEB8-8B4A-11D0-8D11-00A0C91BC942}") = "Task3-2", "Task3-2\Task3-2.vcxproj", "{137C0C08-0147-49DF-91CE-FAFD024A2864}"
EndProject
Project("{8BC9CEB8-8B4A-11D0-8D11-00A0C91BC942}") = "Task3-3", "Task3-3\Task3-3.vcxproj", "{A73279C8-A593-41BA-829C-5716A0978D89}"
EndProject
Project("{2150E333-8FDC-42A3-9474-1A3956D46DE8}") = "DateStructure", "DateStructure", "{CF76EF7D-7A18-4513-95CF-64F4D1829E4D}"
EndProject
Project("{8BC9CEB8-8B4A-11D0-8D11-00A0C91BC942}") = "ex01", "ex01\ex01.vcxproj", "{B7B3E768-53F6-4D89-B5BC-FC9DD3539ADD}"
EndProject
Global
	GlobalSection(SolutionConfigurationPlatforms) = preSolution
		Debug|x64 = Debug|x64
		Debug|x86 = Debug|x86
		Release|x64 = Release|x64
		Release|x86 = Release|x86
	EndGlobalSection
	GlobalSection(ProjectConfigurationPlatforms) = postSolution
		{DA400FEC-6BEA-4FF7-97D7-728121B1D6F4}.Debug|x64.ActiveCfg = Debug|x64
		{DA400FEC-6BEA-4FF7-97D7-728121B1D6F4}.Debug|x64.Build.0 = Debug|x64
		{DA400FEC-6BEA-4FF7-97D7-728121B1D6F4}.Debug|x86.ActiveCfg = Debug|Win32
		{DA400FEC-6BEA-4FF7-97D7-728121B1D6F4}.Debug|x86.Build.0 = Debug|Win32
		{DA400FEC-6BEA-4FF7-97D7-728121B1D6F4}.Release|x64.ActiveCfg = Release|x64
		{DA400FEC-6BEA-4FF7-97D7-728121B1D6F4}.Release|x64.Build.0 = Release|x64
		{DA400FEC-6BEA-4FF7-97D7-728121B1D6F4}.Release|x86.ActiveCfg = Release|Win32
		{DA400FEC-6BEA-4FF7-97D7-728121B1D6F4}.Release|x86.Build.0 = Release|Win32
		{137C0C08-0147-49DF-91CE-FAFD024A2864}.Debug|x64.ActiveCfg = Debug|x64
		{137C0C08-0147-49DF-91CE-FAFD024A2864}.Debug|x64.Build.0 = Debug|x64
		{137C0C08-0147-49DF-91CE-FAFD024A2864}.Debug|x86.ActiveCfg = Debug|Win32
		{137C0C08-0147-49DF-91CE-FAFD024A2864}.Debug|x86.Build.0 = Debug|Win32
		{137C0C08-0147-49DF-91CE-FAFD024A2864}.Release|x64.ActiveCfg = Release|x64
		{137C0C08-0147-49DF-91CE-FAFD024A2864}.Release|x64.Build.0 = Release|x64
		{137C0C08-0147-49DF-91CE-FAFD024A2864}.Release|x86.ActiveCfg = Release|Win32
		{137C0C08-0147-49DF-91CE-FAFD024A2864}.Release|x86.Build.0 = Release|Win32
		{A73279C8-A593-41BA-829C-5716A0978D89}.Debug|x64.ActiveCfg = Debug|x64
		{A73279C8-A593-41BA-829C-5716A0978D89}.Debug|x64.Build.0 = Debug|x64
		{A73279C8-A593-41BA-829C-5716A0978D89}.Debug|x86.ActiveCfg = Debug|Win32
		{A73279C8-A593-41BA-829C-5716A0978D89}.Debug|x86.Build.0 = Debug|Win32
		{A73279C8-A593-41BA-829C-5716A0978D89}.Release|x64.ActiveCfg = Release|x64
		{A73279C8-A593-41BA-829C-5716A0978D89}.Release|x64.Build.0 = Release|x64
		{A73279C8-A593-41BA-829C-5716A0978D89}.Release|x86.ActiveCfg = Release|Win32
		{A73279C8-A593-41BA-829C-5716A0978D89}.Release|x86.Build.0 = Release|Win32
		{B7B3E768-53F6-4D89-B5BC-FC9DD3539ADD}.Debug|x64.ActiveCfg = Debug|x64
		{B7B3E768-53F6-4D89-B5BC-FC9DD3539ADD}.Debug|x64.Build.0 = Debug|x64
		{B7B3E768-53F6-4D89-B5BC-FC9DD3539ADD}.Debug|x86.ActiveCfg = Debug|Win32
		{B7B3E768-53F6-4D89-B5BC-FC9DD3539ADD}.Debug|x86.Build.0 = Debug|Win32
		{B7B3E768-53F6-4D89-B5BC-FC9DD3539ADD}.Release|x64.ActiveCfg = Release|x64
		{B7B3E768-53F6-4D89-B5BC-FC9DD3539ADD}.Release|x64.Build.0 = Release|x64
		{B7B3E768-53F6-4D89-B5BC-FC9DD3539ADD}.Release|x86.ActiveCfg = Release|Win32
		{B7B3E768-53F6-4D89-B5BC-FC9DD3539ADD}.Release|x86.Build.0 = Release|Win32
	EndGlobalSection
	GlobalSection(SolutionProperties) = preSolution
		HideSolutionNode = FALSE
	EndGlobalSection
	GlobalSection(NestedProjects) = preSolution
		{DA400FEC-6BEA-4FF7-97D7-728121B1D6F4} = {5EE0DE5D-BD43-4467-AF7C-BF1CCD1EC836}
		{137C0C08-0147-49DF-91CE-FAFD024A2864} = {5EE0DE5D-BD43-4467-AF7C-BF1CCD1EC836}
		{A73279C8-A593-41BA-829C-5716A0978D89} = {5EE0DE5D-BD43-4467-AF7C-BF1CCD1EC836}
		{B7B3E768-53F6-4D89-B5BC-FC9DD3539ADD} = {CF76EF7D-7A18-4513-95CF-64F4D1829E4D}
	EndGlobalSection
	GlobalSection(ExtensibilityGlobals) = postSolution
		SolutionGuid = {B479F9D0-9881-4649-BB83-227C83043C64}
	EndGlobalSection
EndGlobal
